
Microsoft Visual Studio Solution File, Format Version 11.00
# Visual C# Express 2010
Project("{FAE04EC0-301F-11D3-BF4B-00C04F79EFBC}") = "PPC", "PPC\PPC.csproj", "{F16D7575-2A02-4956-8ED4-229137FFA5A0}"
EndProject
Global
	GlobalSection(SolutionConfigurationPlatforms) = preSolution
		Debug|x86 = Debug|x86
		Release|x86 = Release|x86
	EndGlobalSection
	GlobalSection(ProjectConfigurationPlatforms) = postSolution
		{F16D7575-2A02-4956-8ED4-229137FFA5A0}.Debug|x86.ActiveCfg = Debug|x86
		{F16D7575-2A02-4956-8ED4-229137FFA5A0}.Debug|x86.Build.0 = Debug|x86
		{F16D7575-2A02-4956-8ED4-229137FFA5A0}.Release|x86.ActiveCfg = Release|x86
		{F16D7575-2A02-4956-8ED4-229137FFA5A0}.Release|x86.Build.0 = Release|x86
	EndGlobalSection
	GlobalSection(SolutionProperties) = preSolution
		HideSolutionNode = FALSE
	EndGlobalSection
EndGlobal
