
Microsoft Visual Studio Solution File, Format Version 11.00
# Visual C# Express 2010
Project("{FAE04EC0-301F-11D3-BF4B-00C04F79EFBC}") = "Engine", "Engine\Engine.csproj", "{E3E3657A-81EB-463B-A7B6-F0B39FC1054A}"
EndProject
Global
	GlobalSection(SolutionConfigurationPlatforms) = preSolution
		Debug|x86 = Debug|x86
		Release|x86 = Release|x86
	EndGlobalSection
	GlobalSection(ProjectConfigurationPlatforms) = postSolution
		{E3E3657A-81EB-463B-A7B6-F0B39FC1054A}.Debug|x86.ActiveCfg = Debug|x86
		{E3E3657A-81EB-463B-A7B6-F0B39FC1054A}.Debug|x86.Build.0 = Debug|x86
		{E3E3657A-81EB-463B-A7B6-F0B39FC1054A}.Release|x86.ActiveCfg = Release|x86
		{E3E3657A-81EB-463B-A7B6-F0B39FC1054A}.Release|x86.Build.0 = Release|x86
	EndGlobalSection
	GlobalSection(SolutionProperties) = preSolution
		HideSolutionNode = FALSE
	EndGlobalSection
EndGlobal
